{
  "version": 4,
  "terraform_version": "1.6.1",
  "serial": 8,
  "lineage": "03300aa2-2d96-784f-d467-0b51f9da1630",
  "outputs": {},
  "resources": [
    {
      "mode": "data",
      "type": "azurerm_key_vault",
      "name": "keyvault",
      "provider": "provider[\"registry.terraform.io/hashicorp/azurerm\"]",
      "instances": [
        {
          "schema_version": 0,
          "attributes": {
            "access_policy": [],
            "enable_rbac_authorization": true,
            "enabled_for_deployment": false,
            "enabled_for_disk_encryption": false,
            "enabled_for_template_deployment": false,
            "id": "/subscriptions/ad4bb360-da20-4e8d-ab1b-7ad25c72173a/resourceGroups/rg-crime_master-gogo/providers/Microsoft.KeyVault/vaults/yogi-keyvault",
            "location": "eastus",
            "name": "yogi-keyvault",
            "network_acls": [],
            "public_network_access_enabled": true,
            "purge_protection_enabled": false,
            "resource_group_name": "rg-crime_master-gogo",
            "sku_name": "standard",
            "tags": {},
            "tenant_id": "0d47ad56-0001-4c0a-8e61-ed9d9793132f",
            "timeouts": null,
            "vault_uri": "https://yogi-keyvault.vault.azure.net/"
          },
          "sensitive_attributes": []
        }
      ]
    },
    {
      "mode": "data",
      "type": "azurerm_key_vault_secret",
      "name": "password",
      "provider": "provider[\"registry.terraform.io/hashicorp/azurerm\"]",
      "instances": [
        {
          "schema_version": 0,
          "attributes": {
            "content_type": "",
            "expiration_date": null,
            "id": "https://yogi-keyvault.vault.azure.net/secrets/password/4e7617d126d942feb3f2c2aefc3d9009",
            "key_vault_id": "/subscriptions/ad4bb360-da20-4e8d-ab1b-7ad25c72173a/resourceGroups/rg-crime_master-gogo/providers/Microsoft.KeyVault/vaults/yogi-keyvault",
            "name": "password",
            "not_before_date": null,
            "resource_id": "/subscriptions/ad4bb360-da20-4e8d-ab1b-7ad25c72173a/resourceGroups/rg-crime_master-gogo/providers/Microsoft.KeyVault/vaults/yogi-keyvault/secrets/password/versions/4e7617d126d942feb3f2c2aefc3d9009",
            "resource_versionless_id": "/subscriptions/ad4bb360-da20-4e8d-ab1b-7ad25c72173a/resourceGroups/rg-crime_master-gogo/providers/Microsoft.KeyVault/vaults/yogi-keyvault/secrets/password",
            "tags": {},
            "timeouts": null,
            "value": "Admin1234567",
            "version": "4e7617d126d942feb3f2c2aefc3d9009",
            "versionless_id": "https://yogi-keyvault.vault.azure.net/secrets/password"
          },
          "sensitive_attributes": []
        }
      ]
    },
    {
      "mode": "data",
      "type": "azurerm_key_vault_secret",
      "name": "username",
      "provider": "provider[\"registry.terraform.io/hashicorp/azurerm\"]",
      "instances": [
        {
          "schema_version": 0,
          "attributes": {
            "content_type": "",
            "expiration_date": null,
            "id": "https://yogi-keyvault.vault.azure.net/secrets/username/a911cc3eea904ea093a6ae776e6221df",
            "key_vault_id": "/subscriptions/ad4bb360-da20-4e8d-ab1b-7ad25c72173a/resourceGroups/rg-crime_master-gogo/providers/Microsoft.KeyVault/vaults/yogi-keyvault",
            "name": "username",
            "not_before_date": null,
            "resource_id": "/subscriptions/ad4bb360-da20-4e8d-ab1b-7ad25c72173a/resourceGroups/rg-crime_master-gogo/providers/Microsoft.KeyVault/vaults/yogi-keyvault/secrets/username/versions/a911cc3eea904ea093a6ae776e6221df",
            "resource_versionless_id": "/subscriptions/ad4bb360-da20-4e8d-ab1b-7ad25c72173a/resourceGroups/rg-crime_master-gogo/providers/Microsoft.KeyVault/vaults/yogi-keyvault/secrets/username",
            "tags": {},
            "timeouts": null,
            "value": "Admin1234567",
            "version": "a911cc3eea904ea093a6ae776e6221df",
            "versionless_id": "https://yogi-keyvault.vault.azure.net/secrets/username"
          },
          "sensitive_attributes": []
        }
      ]
    },
    {
      "mode": "data",
      "type": "azurerm_subnet",
      "name": "frontend_subnet",
      "provider": "provider[\"registry.terraform.io/hashicorp/azurerm\"]",
      "instances": [
        {
          "index_key": "vm1",
          "schema_version": 0,
          "attributes": {
            "address_prefix": "10.0.1.0/24",
            "address_prefixes": [
              "10.0.1.0/24"
            ],
            "enforce_private_link_endpoint_network_policies": false,
            "enforce_private_link_service_network_policies": false,
            "id": "/subscriptions/ad4bb360-da20-4e8d-ab1b-7ad25c72173a/resourceGroups/rg-crime_master-gogo/providers/Microsoft.Network/virtualNetworks/devops-vnet1/subnets/frontend-subnet01",
            "name": "frontend-subnet01",
            "network_security_group_id": "",
            "private_endpoint_network_policies_enabled": true,
            "private_link_service_network_policies_enabled": true,
            "resource_group_name": "rg-crime_master-gogo",
            "route_table_id": "",
            "service_endpoints": [],
            "timeouts": null,
            "virtual_network_name": "devops-vnet1"
          },
          "sensitive_attributes": []
        }
      ]
    },
    {
      "mode": "managed",
      "type": "azurerm_linux_virtual_machine",
      "name": "frontend-vm",
      "provider": "provider[\"registry.terraform.io/hashicorp/azurerm\"]",
      "instances": [
        {
          "index_key": "vm1",
          "schema_version": 0,
          "attributes": {
            "additional_capabilities": [],
            "admin_password": "Admin1234567",
            "admin_ssh_key": [],
            "admin_username": "Admin1234567",
            "allow_extension_operations": true,
            "availability_set_id": "",
            "boot_diagnostics": [],
            "bypass_platform_safety_checks_on_user_schedule_enabled": false,
            "capacity_reservation_group_id": "",
            "computer_name": "Frontend-machine",
            "custom_data": null,
            "dedicated_host_group_id": "",
            "dedicated_host_id": "",
            "disable_password_authentication": false,
            "disk_controller_type": "SCSI",
            "edge_zone": "",
            "encryption_at_host_enabled": false,
            "eviction_policy": "",
            "extensions_time_budget": "PT1H30M",
            "gallery_application": [],
            "id": "/subscriptions/ad4bb360-da20-4e8d-ab1b-7ad25c72173a/resourceGroups/rg-crime_master-gogo/providers/Microsoft.Compute/virtualMachines/Frontend-machine",
            "identity": [],
            "license_type": "",
            "location": "eastus",
            "max_bid_price": -1,
            "name": "Frontend-machine",
            "network_interface_ids": [
              "/subscriptions/ad4bb360-da20-4e8d-ab1b-7ad25c72173a/resourceGroups/rg-crime_master-gogo/providers/Microsoft.Network/networkInterfaces/frontend-nic"
            ],
            "os_disk": [
              {
                "caching": "ReadWrite",
                "diff_disk_settings": [],
                "disk_encryption_set_id": "",
                "disk_size_gb": 30,
                "name": "Frontend-machine_OsDisk_1_634765ee444b49d38d6edfe59e0902ee",
                "secure_vm_disk_encryption_set_id": "",
                "security_encryption_type": "",
                "storage_account_type": "Standard_LRS",
                "write_accelerator_enabled": false
              }
            ],
            "os_image_notification": [],
            "patch_assessment_mode": "ImageDefault",
            "patch_mode": "ImageDefault",
            "plan": [],
            "platform_fault_domain": -1,
            "priority": "Regular",
            "private_ip_address": "10.0.1.4",
            "private_ip_addresses": [
              "10.0.1.4"
            ],
            "provision_vm_agent": true,
            "proximity_placement_group_id": "",
            "public_ip_address": "104.211.2.104",
            "public_ip_addresses": [
              "104.211.2.104"
            ],
            "reboot_setting": "",
            "resource_group_name": "rg-crime_master-gogo",
            "secret": [],
            "secure_boot_enabled": false,
            "size": "Standard_DS1_v2",
            "source_image_id": "",
            "source_image_reference": [
              {
                "offer": "0001-com-ubuntu-server-jammy",
                "publisher": "Canonical",
                "sku": "22_04-lts-gen2",
                "version": "latest"
              }
            ],
            "tags": null,
            "termination_notification": null,
            "timeouts": null,
            "user_data": "",
            "virtual_machine_id": "6ee0d047-7e38-46d7-bb7b-6c366c7bae8a",
            "virtual_machine_scale_set_id": "",
            "vm_agent_platform_updates_enabled": false,
            "vtpm_enabled": false,
            "zone": ""
          },
          "sensitive_attributes": [
            [
              {
                "type": "get_attr",
                "value": "admin_username"
              }
            ]
          ],
          "private": "eyJlMmJmYjczMC1lY2FhLTExZTYtOGY4OC0zNDM2M2JjN2M0YzAiOnsiY3JlYXRlIjoyNzAwMDAwMDAwMDAwLCJkZWxldGUiOjI3MDAwMDAwMDAwMDAsInJlYWQiOjMwMDAwMDAwMDAwMCwidXBkYXRlIjoyNzAwMDAwMDAwMDAwfX0=",
          "dependencies": [
            "azurerm_network_interface.nic",
            "azurerm_public_ip.public_ip",
            "data.azurerm_key_vault.keyvault",
            "data.azurerm_key_vault_secret.username",
            "data.azurerm_subnet.frontend_subnet"
          ]
        }
      ]
    },
    {
      "mode": "managed",
      "type": "azurerm_network_interface",
      "name": "nic",
      "provider": "provider[\"registry.terraform.io/hashicorp/azurerm\"]",
      "instances": [
        {
          "index_key": "vm1",
          "schema_version": 0,
          "attributes": {
            "applied_dns_servers": [],
            "auxiliary_mode": "",
            "auxiliary_sku": "",
            "dns_servers": [],
            "edge_zone": "",
            "enable_accelerated_networking": false,
            "enable_ip_forwarding": false,
            "id": "/subscriptions/ad4bb360-da20-4e8d-ab1b-7ad25c72173a/resourceGroups/rg-crime_master-gogo/providers/Microsoft.Network/networkInterfaces/frontend-nic",
            "internal_dns_name_label": "",
            "internal_domain_name_suffix": "hthkkmaf4smejjmo5jzkk1bavd.bx.internal.cloudapp.net",
            "ip_configuration": [
              {
                "gateway_load_balancer_frontend_ip_configuration_id": "",
                "name": "internal",
                "primary": true,
                "private_ip_address": "10.0.1.4",
                "private_ip_address_allocation": "Dynamic",
                "private_ip_address_version": "IPv4",
                "public_ip_address_id": "/subscriptions/ad4bb360-da20-4e8d-ab1b-7ad25c72173a/resourceGroups/rg-crime_master-gogo/providers/Microsoft.Network/publicIPAddresses/Public-ip",
                "subnet_id": "/subscriptions/ad4bb360-da20-4e8d-ab1b-7ad25c72173a/resourceGroups/rg-crime_master-gogo/providers/Microsoft.Network/virtualNetworks/devops-vnet1/subnets/frontend-subnet01"
              }
            ],
            "location": "eastus",
            "mac_address": "00-22-48-2C-2A-5F",
            "name": "frontend-nic",
            "private_ip_address": "10.0.1.4",
            "private_ip_addresses": [
              "10.0.1.4"
            ],
            "resource_group_name": "rg-crime_master-gogo",
            "tags": {},
            "timeouts": null,
            "virtual_machine_id": "/subscriptions/ad4bb360-da20-4e8d-ab1b-7ad25c72173a/resourceGroups/rg-crime_master-gogo/providers/Microsoft.Compute/virtualMachines/Frontend-machine"
          },
          "sensitive_attributes": [],
          "private": "eyJlMmJmYjczMC1lY2FhLTExZTYtOGY4OC0zNDM2M2JjN2M0YzAiOnsiY3JlYXRlIjoxODAwMDAwMDAwMDAwLCJkZWxldGUiOjE4MDAwMDAwMDAwMDAsInJlYWQiOjMwMDAwMDAwMDAwMCwidXBkYXRlIjoxODAwMDAwMDAwMDAwfX0=",
          "dependencies": [
            "azurerm_public_ip.public_ip",
            "data.azurerm_subnet.frontend_subnet"
          ]
        }
      ]
    },
    {
      "mode": "managed",
      "type": "azurerm_public_ip",
      "name": "public_ip",
      "provider": "provider[\"registry.terraform.io/hashicorp/azurerm\"]",
      "instances": [
        {
          "index_key": "vm1",
          "schema_version": 0,
          "attributes": {
            "allocation_method": "Static",
            "ddos_protection_mode": "VirtualNetworkInherited",
            "ddos_protection_plan_id": null,
            "domain_name_label": null,
            "edge_zone": "",
            "fqdn": null,
            "id": "/subscriptions/ad4bb360-da20-4e8d-ab1b-7ad25c72173a/resourceGroups/rg-crime_master-gogo/providers/Microsoft.Network/publicIPAddresses/Public-ip",
            "idle_timeout_in_minutes": 4,
            "ip_address": "104.211.2.104",
            "ip_tags": {},
            "ip_version": "IPv4",
            "location": "eastus",
            "name": "Public-ip",
            "public_ip_prefix_id": null,
            "resource_group_name": "rg-crime_master-gogo",
            "reverse_fqdn": null,
            "sku": "Basic",
            "sku_tier": "Regional",
            "tags": {},
            "timeouts": null,
            "zones": []
          },
          "sensitive_attributes": [],
          "private": "eyJlMmJmYjczMC1lY2FhLTExZTYtOGY4OC0zNDM2M2JjN2M0YzAiOnsiY3JlYXRlIjoxODAwMDAwMDAwMDAwLCJkZWxldGUiOjE4MDAwMDAwMDAwMDAsInJlYWQiOjMwMDAwMDAwMDAwMCwidXBkYXRlIjoxODAwMDAwMDAwMDAwfX0="
        }
      ]
    }
  ],
  "check_results": null
}
